
Microsoft Visual Studio Solution File, Format Version 12.00
# Visual Studio Version 17
VisualStudioVersion = 17.1.32414.318
MinimumVisualStudioVersion = 10.0.40219.1
Project("{8BC9CEB8-8B4A-11D0-8D11-00A0C91BC942}") = "openglfx", "openglfx.vcxproj", "{080FE932-402D-4E68-9575-7E6A7A6306B1}"
EndProject
Global
	GlobalSection(SolutionConfigurationPlatforms) = preSolution
		Release|ARM64 = Release|ARM64
		Release|x64 = Release|x64
		Release|x86 = Release|x86
	EndGlobalSection
	GlobalSection(ProjectConfigurationPlatforms) = postSolution
		{080FE932-402D-4E68-9575-7E6A7A6306B1}.Release|ARM64.ActiveCfg = Release|ARM64
		{080FE932-402D-4E68-9575-7E6A7A6306B1}.Release|ARM64.Build.0 = Release|ARM64
		{080FE932-402D-4E68-9575-7E6A7A6306B1}.Release|x64.ActiveCfg = Release|x64
		{080FE932-402D-4E68-9575-7E6A7A6306B1}.Release|x64.Build.0 = Release|x64
		{080FE932-402D-4E68-9575-7E6A7A6306B1}.Release|x86.ActiveCfg = Release|Win32
		{080FE932-402D-4E68-9575-7E6A7A6306B1}.Release|x86.Build.0 = Release|Win32
	EndGlobalSection
	GlobalSection(SolutionProperties) = preSolution
		HideSolutionNode = FALSE
	EndGlobalSection
	GlobalSection(ExtensibilityGlobals) = postSolution
		SolutionGuid = {29512B00-B406-4C42-8032-33E0F3F36CD2}
	EndGlobalSection
EndGlobal
